
Microsoft Visual Studio Solution File, Format Version 12.00
Project("{FAE04EC0-301F-11D3-BF4B-00C04F79EFBC}") = "KoganCodingChallenge", "KoganCodingChallenge.csproj", "{D0DDECF2-3575-4367-83F7-119AFC4FF13A}"
EndProject
Global
	GlobalSection(SolutionConfigurationPlatforms) = preSolution
		Debug|Any CPU = Debug|Any CPU
		Release|Any CPU = Release|Any CPU
	EndGlobalSection
	GlobalSection(ProjectConfigurationPlatforms) = postSolution
		{D0DDECF2-3575-4367-83F7-119AFC4FF13A}.Debug|Any CPU.ActiveCfg = Debug|Any CPU
		{D0DDECF2-3575-4367-83F7-119AFC4FF13A}.Debug|Any CPU.Build.0 = Debug|Any CPU
		{D0DDECF2-3575-4367-83F7-119AFC4FF13A}.Release|Any CPU.ActiveCfg = Release|Any CPU
		{D0DDECF2-3575-4367-83F7-119AFC4FF13A}.Release|Any CPU.Build.0 = Release|Any CPU
	EndGlobalSection
EndGlobal
